PODS:
  - Alamofire (4.4.0)
  - KeychainAccess (3.0.1)
  - SVProgressHUD (2.1.2)

DEPENDENCIES:
  - Alamofire (~> 4.4)
  - KeychainAccess
  - SVProgressHUD

SPEC CHECKSUMS:
  Alamofire: dc44b1600b800eb63da6a19039a0083d62a6a62d
  KeychainAccess: 017ea25e313a49eda10bb19b0bb0760fb1edfe1a
  SVProgressHUD: c404a55d78acbeb7ebb78b76d3faf986475a6994

PODFILE CHECKSUM: a3d99099b6257a8a1dc4816c775bd51288446672

COCOAPODS: 1.2.0
