// !$*UTF8*$!
{
	archiveVersion = 1;
	classes = {
	};
	objectVersion = 46;
	objects = {

/* Begin PBXBuildFile section */
		72D24A591F018CB5002ACD79 /* BKConnectPlayerCellVC.swift in Sources */ = {isa = PBXBuildFile; fileRef = 72D24A581F018CB5002ACD79 /* BKConnectPlayerCellVC.swift */; };
		72D24A5B1F018CE6002ACD79 /* BKConnectSectionHeaderVC.swift in Sources */ = {isa = PBXBuildFile; fileRef = 72D24A5A1F018CE6002ACD79 /* BKConnectSectionHeaderVC.swift */; };
		72D24A5D1F018D26002ACD79 /* BKConnectSummaryHeaderVC.swift in Sources */ = {isa = PBXBuildFile; fileRef = 72D24A5C1F018D26002ACD79 /* BKConnectSummaryHeaderVC.swift */; };
		72D24A621F018EE8002ACD79 /* BKConnectSummaryHeaderCell.swift in Sources */ = {isa = PBXBuildFile; fileRef = 72D24A611F018EE8002ACD79 /* BKConnectSummaryHeaderCell.swift */; };
		72D24A641F01B9E7002ACD79 /* BKConnectSectionHeaderCell.swift in Sources */ = {isa = PBXBuildFile; fileRef = 72D24A631F01B9E7002ACD79 /* BKConnectSectionHeaderCell.swift */; };
		72F55CE81F000EA400249296 /* BKConnectVC.swift in Sources */ = {isa = PBXBuildFile; fileRef = 72F55CE71F000EA400249296 /* BKConnectVC.swift */; };
		72FF82311F05C3B000A460CB /* BKConnectPlayerCell.swift in Sources */ = {isa = PBXBuildFile; fileRef = 72FF82301F05C3B000A460CB /* BKConnectPlayerCell.swift */; };
		732B959C6A89925E7239D316 /* Pods_BloomKids.framework in Frameworks */ = {isa = PBXBuildFile; fileRef = D8EACF588830FABFF52CD389 /* Pods_BloomKids.framework */; };
		A1026A091EE26D1400FA7366 /* BKSchoolSearchCell.swift in Sources */ = {isa = PBXBuildFile; fileRef = A1026A081EE26D1400FA7366 /* BKSchoolSearchCell.swift */; };
		A1026A2B1EE27B0200FA7366 /* BKSportCell.swift in Sources */ = {isa = PBXBuildFile; fileRef = A1026A2A1EE27B0200FA7366 /* BKSportCell.swift */; };
		A1026A2D1EE27CCC00FA7366 /* AHStackButton.swift in Sources */ = {isa = PBXBuildFile; fileRef = A1026A2C1EE27CCC00FA7366 /* AHStackButton.swift */; };
		A1026A301EE281C900FA7366 /* BKSportLevelVC.swift in Sources */ = {isa = PBXBuildFile; fileRef = A1026A2F1EE281C900FA7366 /* BKSportLevelVC.swift */; };
		A1026A321EE286AC00FA7366 /* BKSportLevelCell.swift in Sources */ = {isa = PBXBuildFile; fileRef = A1026A311EE286AC00FA7366 /* BKSportLevelCell.swift */; };
		A10645EE1EE3B0390054267C /* BKProfileVC.swift in Sources */ = {isa = PBXBuildFile; fileRef = A10645ED1EE3B0390054267C /* BKProfileVC.swift */; };
		A10645F01EE3B20E0054267C /* BKYourKidsVC.swift in Sources */ = {isa = PBXBuildFile; fileRef = A10645EF1EE3B20E0054267C /* BKYourKidsVC.swift */; };
		A10645F31EE3B5BE0054267C /* BKKidCell.swift in Sources */ = {isa = PBXBuildFile; fileRef = A10645F11EE3B5BE0054267C /* BKKidCell.swift */; };
		A10645F41EE3B5BE0054267C /* BKKidCell.xib in Resources */ = {isa = PBXBuildFile; fileRef = A10645F21EE3B5BE0054267C /* BKKidCell.xib */; };
		A11DCF7F1ED62B54005E6FCE /* BKCitySearch.storyboard in Resources */ = {isa = PBXBuildFile; fileRef = A11DCF7E1ED62B54005E6FCE /* BKCitySearch.storyboard */; };
		A12561561ECE6EF500C46FD1 /* BKForgotPasswordVC.swift in Sources */ = {isa = PBXBuildFile; fileRef = A12561551ECE6EF500C46FD1 /* BKForgotPasswordVC.swift */; };
		A12561581ECE6F2800C46FD1 /* BKEmailSignupVC.swift in Sources */ = {isa = PBXBuildFile; fileRef = A12561571ECE6F2800C46FD1 /* BKEmailSignupVC.swift */; };
		A143871A1EE147C30050A5D1 /* BKPlaceSearchNavVC.swift in Sources */ = {isa = PBXBuildFile; fileRef = A14387191EE147C30050A5D1 /* BKPlaceSearchNavVC.swift */; };
		A14387221EE156A50050A5D1 /* AHCategoryContentView.swift in Sources */ = {isa = PBXBuildFile; fileRef = A143871C1EE156A50050A5D1 /* AHCategoryContentView.swift */; };
		A14387231EE156A50050A5D1 /* AHCategoryNavBar.swift in Sources */ = {isa = PBXBuildFile; fileRef = A143871D1EE156A50050A5D1 /* AHCategoryNavBar.swift */; };
		A14387241EE156A50050A5D1 /* AHCategoryNavBarStyle.swift in Sources */ = {isa = PBXBuildFile; fileRef = A143871E1EE156A50050A5D1 /* AHCategoryNavBarStyle.swift */; };
		A14387251EE156A50050A5D1 /* AHCategoryProtocols.swift in Sources */ = {isa = PBXBuildFile; fileRef = A143871F1EE156A50050A5D1 /* AHCategoryProtocols.swift */; };
		A14387271EE156A50050A5D1 /* AHCategoryView.swift in Sources */ = {isa = PBXBuildFile; fileRef = A14387211EE156A50050A5D1 /* AHCategoryView.swift */; };
		A179F9B51ED28A4500B42540 /* BKActivityVC.swift in Sources */ = {isa = PBXBuildFile; fileRef = A179F9B41ED28A4500B42540 /* BKActivityVC.swift */; };
		A179F9B81ED28B4D00B42540 /* BKActivity.storyboard in Resources */ = {isa = PBXBuildFile; fileRef = A179F9B61ED28B4D00B42540 /* BKActivity.storyboard */; };
		A17A7B2D1ECFCAB100D77D27 /* BKNetworkTool.swift in Sources */ = {isa = PBXBuildFile; fileRef = A17A7B2C1ECFCAB100D77D27 /* BKNetworkTool.swift */; };
		A17A7B2F1ECFD05900D77D27 /* BKAuthTool.swift in Sources */ = {isa = PBXBuildFile; fileRef = A17A7B2E1ECFD05900D77D27 /* BKAuthTool.swift */; };
		A185AE5D1ED611E2002FDF89 /* BKPlaceAutocompleteVC.swift in Sources */ = {isa = PBXBuildFile; fileRef = A185AE5C1ED611E2002FDF89 /* BKPlaceAutocompleteVC.swift */; };
		A198939A1EE2012F00DDF240 /* BKAddKidVC.swift in Sources */ = {isa = PBXBuildFile; fileRef = A19893991EE2012F00DDF240 /* BKAddKidVC.swift */; };
		A198939D1EE2025900DDF240 /* BKPhotoHeaderVC.swift in Sources */ = {isa = PBXBuildFile; fileRef = A198939C1EE2025900DDF240 /* BKPhotoHeaderVC.swift */; };
		A198939F1EE2027E00DDF240 /* BKPhotoHeaderView.swift in Sources */ = {isa = PBXBuildFile; fileRef = A198939E1EE2027E00DDF240 /* BKPhotoHeaderView.swift */; };
		A19893A11EE2028A00DDF240 /* BKPhotoHeaderView.xib in Resources */ = {isa = PBXBuildFile; fileRef = A19893A01EE2028A00DDF240 /* BKPhotoHeaderView.xib */; };
		A19893A31EE2154A00DDF240 /* BKKidModel.swift in Sources */ = {isa = PBXBuildFile; fileRef = A19893A21EE2154A00DDF240 /* BKKidModel.swift */; };
		A19893A61EE2572E00DDF240 /* BKSimpleCell.swift in Sources */ = {isa = PBXBuildFile; fileRef = A19893A51EE2572E00DDF240 /* BKSimpleCell.swift */; };
		A19893A81EE2607E00DDF240 /* BKGenderCell.swift in Sources */ = {isa = PBXBuildFile; fileRef = A19893A71EE2607E00DDF240 /* BKGenderCell.swift */; };
		A1B52EDB1EEC86C6000EB1CE /* BKConnectionVC.swift in Sources */ = {isa = PBXBuildFile; fileRef = A1B52EDA1EEC86C6000EB1CE /* BKConnectionVC.swift */; };
		A1CFEFA91ECD5BCA003DBA74 /* BKAuth.storyboard in Resources */ = {isa = PBXBuildFile; fileRef = A1CFEFA81ECD5BCA003DBA74 /* BKAuth.storyboard */; };
		A1CFEFAB1ECD5D2C003DBA74 /* BKLoginVC.swift in Sources */ = {isa = PBXBuildFile; fileRef = A1CFEFAA1ECD5D2C003DBA74 /* BKLoginVC.swift */; };
		A1CFEFAE1ECD5DFB003DBA74 /* Constants.swift in Sources */ = {isa = PBXBuildFile; fileRef = A1CFEFAD1ECD5DFB003DBA74 /* Constants.swift */; };
		A1CFEFB01ECD5E02003DBA74 /* Headers.swift in Sources */ = {isa = PBXBuildFile; fileRef = A1CFEFAF1ECD5E02003DBA74 /* Headers.swift */; };
		A1CFEFB31ECD6011003DBA74 /* BKNavigationVC.swift in Sources */ = {isa = PBXBuildFile; fileRef = A1CFEFB21ECD6011003DBA74 /* BKNavigationVC.swift */; };
		A1E9D4741EE0D36600250A94 /* BKPlaceResultCell.swift in Sources */ = {isa = PBXBuildFile; fileRef = A1E9D4721EE0D36600250A94 /* BKPlaceResultCell.swift */; };
		A1E9D4751EE0D36600250A94 /* BKPlaceResultCell.xib in Resources */ = {isa = PBXBuildFile; fileRef = A1E9D4731EE0D36600250A94 /* BKPlaceResultCell.xib */; };
		A1E9D4771EE0D38100250A94 /* AHNibLoadable.swift in Sources */ = {isa = PBXBuildFile; fileRef = A1E9D4761EE0D38100250A94 /* AHNibLoadable.swift */; };
		A1E9D47E1EE0E16E00250A94 /* BKPlaceModel.swift in Sources */ = {isa = PBXBuildFile; fileRef = A1E9D47D1EE0E16E00250A94 /* BKPlaceModel.swift */; };
		A1E9D4801EE0EF8200250A94 /* BKPlaceResultsController.swift in Sources */ = {isa = PBXBuildFile; fileRef = A1E9D47F1EE0EF8200250A94 /* BKPlaceResultsController.swift */; };
		A1E9D4821EE0F2A400250A94 /* BKTestVC.swift in Sources */ = {isa = PBXBuildFile; fileRef = A1E9D4811EE0F2A400250A94 /* BKTestVC.swift */; };
		A1E9D4841EE0F45800250A94 /* UIColor+Extension.swift in Sources */ = {isa = PBXBuildFile; fileRef = A1E9D4831EE0F45800250A94 /* UIColor+Extension.swift */; };
		A1F544111EE3D84B00D331B8 /* BKAddKidNavVC.swift in Sources */ = {isa = PBXBuildFile; fileRef = A1F544101EE3D84B00D331B8 /* BKAddKidNavVC.swift */; };
		A1FA1B411EE3A0C10025143E /* BKConnect.storyboard in Resources */ = {isa = PBXBuildFile; fileRef = A1FA1B3F1EE3A0C10025143E /* BKConnect.storyboard */; };
		A1FA1B431EE3A12D0025143E /* BKProfile.storyboard in Resources */ = {isa = PBXBuildFile; fileRef = A1FA1B421EE3A12D0025143E /* BKProfile.storyboard */; };
		A1FC8FAD1ECFF0710002F234 /* String+Extension.swift in Sources */ = {isa = PBXBuildFile; fileRef = A1FC8FAC1ECFF0710002F234 /* String+Extension.swift */; };
		A1FC92401ECD4F960099E68D /* AppDelegate.swift in Sources */ = {isa = PBXBuildFile; fileRef = A1FC923F1ECD4F960099E68D /* AppDelegate.swift */; };
		A1FC92451ECD4F960099E68D /* Main.storyboard in Resources */ = {isa = PBXBuildFile; fileRef = A1FC92431ECD4F960099E68D /* Main.storyboard */; };
		A1FC92471ECD4F960099E68D /* Assets.xcassets in Resources */ = {isa = PBXBuildFile; fileRef = A1FC92461ECD4F960099E68D /* Assets.xcassets */; };
		A1FC924A1ECD4F960099E68D /* LaunchScreen.storyboard in Resources */ = {isa = PBXBuildFile; fileRef = A1FC92481ECD4F960099E68D /* LaunchScreen.storyboard */; };
/* End PBXBuildFile section */

/* Begin PBXFileReference section */
		25AE1343266B3A700D0D3E98 /* Pods-BloomKids.release.xcconfig */ = {isa = PBXFileReference; includeInIndex = 1; lastKnownFileType = text.xcconfig; name = "Pods-BloomKids.release.xcconfig"; path = "Pods/Target Support Files/Pods-BloomKids/Pods-BloomKids.release.xcconfig"; sourceTree = "<group>"; };
		72D24A581F018CB5002ACD79 /* BKConnectPlayerCellVC.swift */ = {isa = PBXFileReference; fileEncoding = 4; lastKnownFileType = sourcecode.swift; path = BKConnectPlayerCellVC.swift; sourceTree = "<group>"; };
		72D24A5A1F018CE6002ACD79 /* BKConnectSectionHeaderVC.swift */ = {isa = PBXFileReference; fileEncoding = 4; lastKnownFileType = sourcecode.swift; path = BKConnectSectionHeaderVC.swift; sourceTree = "<group>"; };
		72D24A5C1F018D26002ACD79 /* BKConnectSummaryHeaderVC.swift */ = {isa = PBXFileReference; fileEncoding = 4; lastKnownFileType = sourcecode.swift; path = BKConnectSummaryHeaderVC.swift; sourceTree = "<group>"; };
		72D24A611F018EE8002ACD79 /* BKConnectSummaryHeaderCell.swift */ = {isa = PBXFileReference; fileEncoding = 4; lastKnownFileType = sourcecode.swift; path = BKConnectSummaryHeaderCell.swift; sourceTree = "<group>"; };
		72D24A631F01B9E7002ACD79 /* BKConnectSectionHeaderCell.swift */ = {isa = PBXFileReference; fileEncoding = 4; lastKnownFileType = sourcecode.swift; path = BKConnectSectionHeaderCell.swift; sourceTree = "<group>"; };
		72F55CE71F000EA400249296 /* BKConnectVC.swift */ = {isa = PBXFileReference; fileEncoding = 4; lastKnownFileType = sourcecode.swift; path = BKConnectVC.swift; sourceTree = "<group>"; };
		72FF82301F05C3B000A460CB /* BKConnectPlayerCell.swift */ = {isa = PBXFileReference; fileEncoding = 4; lastKnownFileType = sourcecode.swift; path = BKConnectPlayerCell.swift; sourceTree = "<group>"; };
		A1026A081EE26D1400FA7366 /* BKSchoolSearchCell.swift */ = {isa = PBXFileReference; fileEncoding = 4; lastKnownFileType = sourcecode.swift; path = BKSchoolSearchCell.swift; sourceTree = "<group>"; };
		A1026A2A1EE27B0200FA7366 /* BKSportCell.swift */ = {isa = PBXFileReference; fileEncoding = 4; lastKnownFileType = sourcecode.swift; path = BKSportCell.swift; sourceTree = "<group>"; };
		A1026A2C1EE27CCC00FA7366 /* AHStackButton.swift */ = {isa = PBXFileReference; fileEncoding = 4; lastKnownFileType = sourcecode.swift; path = AHStackButton.swift; sourceTree = "<group>"; };
		A1026A2F1EE281C900FA7366 /* BKSportLevelVC.swift */ = {isa = PBXFileReference; fileEncoding = 4; lastKnownFileType = sourcecode.swift; path = BKSportLevelVC.swift; sourceTree = "<group>"; };
		A1026A311EE286AC00FA7366 /* BKSportLevelCell.swift */ = {isa = PBXFileReference; fileEncoding = 4; lastKnownFileType = sourcecode.swift; path = BKSportLevelCell.swift; sourceTree = "<group>"; };
		A10645ED1EE3B0390054267C /* BKProfileVC.swift */ = {isa = PBXFileReference; fileEncoding = 4; lastKnownFileType = sourcecode.swift; path = BKProfileVC.swift; sourceTree = "<group>"; };
		A10645EF1EE3B20E0054267C /* BKYourKidsVC.swift */ = {isa = PBXFileReference; fileEncoding = 4; lastKnownFileType = sourcecode.swift; path = BKYourKidsVC.swift; sourceTree = "<group>"; };
		A10645F11EE3B5BE0054267C /* BKKidCell.swift */ = {isa = PBXFileReference; fileEncoding = 4; lastKnownFileType = sourcecode.swift; path = BKKidCell.swift; sourceTree = "<group>"; };
		A10645F21EE3B5BE0054267C /* BKKidCell.xib */ = {isa = PBXFileReference; fileEncoding = 4; lastKnownFileType = file.xib; path = BKKidCell.xib; sourceTree = "<group>"; };
		A11DCF7E1ED62B54005E6FCE /* BKCitySearch.storyboard */ = {isa = PBXFileReference; fileEncoding = 4; lastKnownFileType = file.storyboard; path = BKCitySearch.storyboard; sourceTree = "<group>"; };
		A12561551ECE6EF500C46FD1 /* BKForgotPasswordVC.swift */ = {isa = PBXFileReference; fileEncoding = 4; lastKnownFileType = sourcecode.swift; path = BKForgotPasswordVC.swift; sourceTree = "<group>"; };
		A12561571ECE6F2800C46FD1 /* BKEmailSignupVC.swift */ = {isa = PBXFileReference; fileEncoding = 4; lastKnownFileType = sourcecode.swift; path = BKEmailSignupVC.swift; sourceTree = "<group>"; };
		A14387191EE147C30050A5D1 /* BKPlaceSearchNavVC.swift */ = {isa = PBXFileReference; fileEncoding = 4; lastKnownFileType = sourcecode.swift; path = BKPlaceSearchNavVC.swift; sourceTree = "<group>"; };
		A143871C1EE156A50050A5D1 /* AHCategoryContentView.swift */ = {isa = PBXFileReference; fileEncoding = 4; lastKnownFileType = sourcecode.swift; path = AHCategoryContentView.swift; sourceTree = "<group>"; };
		A143871D1EE156A50050A5D1 /* AHCategoryNavBar.swift */ = {isa = PBXFileReference; fileEncoding = 4; lastKnownFileType = sourcecode.swift; path = AHCategoryNavBar.swift; sourceTree = "<group>"; };
		A143871E1EE156A50050A5D1 /* AHCategoryNavBarStyle.swift */ = {isa = PBXFileReference; fileEncoding = 4; lastKnownFileType = sourcecode.swift; path = AHCategoryNavBarStyle.swift; sourceTree = "<group>"; };
		A143871F1EE156A50050A5D1 /* AHCategoryProtocols.swift */ = {isa = PBXFileReference; fileEncoding = 4; lastKnownFileType = sourcecode.swift; path = AHCategoryProtocols.swift; sourceTree = "<group>"; };
		A14387211EE156A50050A5D1 /* AHCategoryView.swift */ = {isa = PBXFileReference; fileEncoding = 4; lastKnownFileType = sourcecode.swift; path = AHCategoryView.swift; sourceTree = "<group>"; };
		A179F9B41ED28A4500B42540 /* BKActivityVC.swift */ = {isa = PBXFileReference; fileEncoding = 4; lastKnownFileType = sourcecode.swift; path = BKActivityVC.swift; sourceTree = "<group>"; };
		A179F9B71ED28B4D00B42540 /* Base */ = {isa = PBXFileReference; lastKnownFileType = file.storyboard; name = Base; path = Base.lproj/BKActivity.storyboard; sourceTree = "<group>"; };
		A17A7B2C1ECFCAB100D77D27 /* BKNetworkTool.swift */ = {isa = PBXFileReference; fileEncoding = 4; lastKnownFileType = sourcecode.swift; path = BKNetworkTool.swift; sourceTree = "<group>"; };
		A17A7B2E1ECFD05900D77D27 /* BKAuthTool.swift */ = {isa = PBXFileReference; fileEncoding = 4; lastKnownFileType = sourcecode.swift; path = BKAuthTool.swift; sourceTree = "<group>"; };
		A185AE5C1ED611E2002FDF89 /* BKPlaceAutocompleteVC.swift */ = {isa = PBXFileReference; fileEncoding = 4; lastKnownFileType = sourcecode.swift; path = BKPlaceAutocompleteVC.swift; sourceTree = "<group>"; };
		A19893991EE2012F00DDF240 /* BKAddKidVC.swift */ = {isa = PBXFileReference; fileEncoding = 4; lastKnownFileType = sourcecode.swift; path = BKAddKidVC.swift; sourceTree = "<group>"; };
		A198939C1EE2025900DDF240 /* BKPhotoHeaderVC.swift */ = {isa = PBXFileReference; fileEncoding = 4; lastKnownFileType = sourcecode.swift; path = BKPhotoHeaderVC.swift; sourceTree = "<group>"; };
		A198939E1EE2027E00DDF240 /* BKPhotoHeaderView.swift */ = {isa = PBXFileReference; fileEncoding = 4; lastKnownFileType = sourcecode.swift; path = BKPhotoHeaderView.swift; sourceTree = "<group>"; };
		A19893A01EE2028A00DDF240 /* BKPhotoHeaderView.xib */ = {isa = PBXFileReference; fileEncoding = 4; lastKnownFileType = file.xib; path = BKPhotoHeaderView.xib; sourceTree = "<group>"; };
		A19893A21EE2154A00DDF240 /* BKKidModel.swift */ = {isa = PBXFileReference; fileEncoding = 4; lastKnownFileType = sourcecode.swift; path = BKKidModel.swift; sourceTree = "<group>"; };
		A19893A51EE2572E00DDF240 /* BKSimpleCell.swift */ = {isa = PBXFileReference; fileEncoding = 4; lastKnownFileType = sourcecode.swift; path = BKSimpleCell.swift; sourceTree = "<group>"; };
		A19893A71EE2607E00DDF240 /* BKGenderCell.swift */ = {isa = PBXFileReference; fileEncoding = 4; lastKnownFileType = sourcecode.swift; path = BKGenderCell.swift; sourceTree = "<group>"; };
		A1B52EDA1EEC86C6000EB1CE /* BKConnectionVC.swift */ = {isa = PBXFileReference; fileEncoding = 4; lastKnownFileType = sourcecode.swift; path = BKConnectionVC.swift; sourceTree = "<group>"; };
		A1CFEFA81ECD5BCA003DBA74 /* BKAuth.storyboard */ = {isa = PBXFileReference; fileEncoding = 4; lastKnownFileType = file.storyboard; path = BKAuth.storyboard; sourceTree = "<group>"; };
		A1CFEFAA1ECD5D2C003DBA74 /* BKLoginVC.swift */ = {isa = PBXFileReference; fileEncoding = 4; lastKnownFileType = sourcecode.swift; path = BKLoginVC.swift; sourceTree = "<group>"; };
		A1CFEFAD1ECD5DFB003DBA74 /* Constants.swift */ = {isa = PBXFileReference; fileEncoding = 4; lastKnownFileType = sourcecode.swift; path = Constants.swift; sourceTree = "<group>"; };
		A1CFEFAF1ECD5E02003DBA74 /* Headers.swift */ = {isa = PBXFileReference; fileEncoding = 4; lastKnownFileType = sourcecode.swift; path = Headers.swift; sourceTree = "<group>"; };
		A1CFEFB21ECD6011003DBA74 /* BKNavigationVC.swift */ = {isa = PBXFileReference; fileEncoding = 4; lastKnownFileType = sourcecode.swift; path = BKNavigationVC.swift; sourceTree = "<group>"; };
		A1E9D4721EE0D36600250A94 /* BKPlaceResultCell.swift */ = {isa = PBXFileReference; fileEncoding = 4; lastKnownFileType = sourcecode.swift; path = BKPlaceResultCell.swift; sourceTree = "<group>"; };
		A1E9D4731EE0D36600250A94 /* BKPlaceResultCell.xib */ = {isa = PBXFileReference; fileEncoding = 4; lastKnownFileType = file.xib; path = BKPlaceResultCell.xib; sourceTree = "<group>"; };
		A1E9D4761EE0D38100250A94 /* AHNibLoadable.swift */ = {isa = PBXFileReference; fileEncoding = 4; lastKnownFileType = sourcecode.swift; path = AHNibLoadable.swift; sourceTree = "<group>"; };
		A1E9D47D1EE0E16E00250A94 /* BKPlaceModel.swift */ = {isa = PBXFileReference; fileEncoding = 4; lastKnownFileType = sourcecode.swift; path = BKPlaceModel.swift; sourceTree = "<group>"; };
		A1E9D47F1EE0EF8200250A94 /* BKPlaceResultsController.swift */ = {isa = PBXFileReference; fileEncoding = 4; lastKnownFileType = sourcecode.swift; path = BKPlaceResultsController.swift; sourceTree = "<group>"; };
		A1E9D4811EE0F2A400250A94 /* BKTestVC.swift */ = {isa = PBXFileReference; fileEncoding = 4; lastKnownFileType = sourcecode.swift; path = BKTestVC.swift; sourceTree = "<group>"; };
		A1E9D4831EE0F45800250A94 /* UIColor+Extension.swift */ = {isa = PBXFileReference; fileEncoding = 4; lastKnownFileType = sourcecode.swift; path = "UIColor+Extension.swift"; sourceTree = "<group>"; };
		A1F544101EE3D84B00D331B8 /* BKAddKidNavVC.swift */ = {isa = PBXFileReference; fileEncoding = 4; lastKnownFileType = sourcecode.swift; path = BKAddKidNavVC.swift; sourceTree = "<group>"; };
		A1FA1B401EE3A0C10025143E /* Base */ = {isa = PBXFileReference; lastKnownFileType = file.storyboard; name = Base; path = Base.lproj/BKConnect.storyboard; sourceTree = "<group>"; };
		A1FA1B421EE3A12D0025143E /* BKProfile.storyboard */ = {isa = PBXFileReference; fileEncoding = 4; lastKnownFileType = file.storyboard; path = BKProfile.storyboard; sourceTree = "<group>"; };
		A1FC8FAC1ECFF0710002F234 /* String+Extension.swift */ = {isa = PBXFileReference; fileEncoding = 4; lastKnownFileType = sourcecode.swift; path = "String+Extension.swift"; sourceTree = "<group>"; };
		A1FC923C1ECD4F960099E68D /* BloomKids.app */ = {isa = PBXFileReference; explicitFileType = wrapper.application; includeInIndex = 0; path = BloomKids.app; sourceTree = BUILT_PRODUCTS_DIR; };
		A1FC923F1ECD4F960099E68D /* AppDelegate.swift */ = {isa = PBXFileReference; lastKnownFileType = sourcecode.swift; path = AppDelegate.swift; sourceTree = "<group>"; };
		A1FC92441ECD4F960099E68D /* Base */ = {isa = PBXFileReference; lastKnownFileType = file.storyboard; name = Base; path = Base.lproj/Main.storyboard; sourceTree = "<group>"; };
		A1FC92461ECD4F960099E68D /* Assets.xcassets */ = {isa = PBXFileReference; lastKnownFileType = folder.assetcatalog; path = Assets.xcassets; sourceTree = "<group>"; };
		A1FC92491ECD4F960099E68D /* Base */ = {isa = PBXFileReference; lastKnownFileType = file.storyboard; name = Base; path = Base.lproj/LaunchScreen.storyboard; sourceTree = "<group>"; };
		A1FC924B1ECD4F960099E68D /* Info.plist */ = {isa = PBXFileReference; lastKnownFileType = text.plist.xml; path = Info.plist; sourceTree = "<group>"; };
		D667F1DBE01ADDEBC41D28AC /* Pods-BloomKids.debug.xcconfig */ = {isa = PBXFileReference; includeInIndex = 1; lastKnownFileType = text.xcconfig; name = "Pods-BloomKids.debug.xcconfig"; path = "Pods/Target Support Files/Pods-BloomKids/Pods-BloomKids.debug.xcconfig"; sourceTree = "<group>"; };
		D8EACF588830FABFF52CD389 /* Pods_BloomKids.framework */ = {isa = PBXFileReference; explicitFileType = wrapper.framework; includeInIndex = 0; path = Pods_BloomKids.framework; sourceTree = BUILT_PRODUCTS_DIR; };
/* End PBXFileReference section */

/* Begin PBXFrameworksBuildPhase section */
		A1FC92391ECD4F960099E68D /* Frameworks */ = {
			isa = PBXFrameworksBuildPhase;
			buildActionMask = 2147483647;
			files = (
				732B959C6A89925E7239D316 /* Pods_BloomKids.framework in Frameworks */,
			);
			runOnlyForDeploymentPostprocessing = 0;
		};
/* End PBXFrameworksBuildPhase section */

/* Begin PBXGroup section */
		72D24A571F018C73002ACD79 /* VCs */ = {
			isa = PBXGroup;
			children = (
				72F55CE71F000EA400249296 /* BKConnectVC.swift */,
				72D24A581F018CB5002ACD79 /* BKConnectPlayerCellVC.swift */,
				72D24A5A1F018CE6002ACD79 /* BKConnectSectionHeaderVC.swift */,
				72D24A5C1F018D26002ACD79 /* BKConnectSummaryHeaderVC.swift */,
			);
			name = VCs;
			sourceTree = "<group>";
		};
		72D24A5E1F018E48002ACD79 /* Cell */ = {
			isa = PBXGroup;
			children = (
				72FF82301F05C3B000A460CB /* BKConnectPlayerCell.swift */,
				72D24A611F018EE8002ACD79 /* BKConnectSummaryHeaderCell.swift */,
				72D24A631F01B9E7002ACD79 /* BKConnectSectionHeaderCell.swift */,
			);
			name = Cell;
			sourceTree = "<group>";
		};
		7E66A35C3CC25A8A22BD4A17 /* Frameworks */ = {
			isa = PBXGroup;
			children = (
				D8EACF588830FABFF52CD389 /* Pods_BloomKids.framework */,
			);
			name = Frameworks;
			sourceTree = "<group>";
		};
		A1026A2E1EE281A900FA7366 /* Sport */ = {
			isa = PBXGroup;
			children = (
				A1026A2F1EE281C900FA7366 /* BKSportLevelVC.swift */,
				A1026A311EE286AC00FA7366 /* BKSportLevelCell.swift */,
			);
			name = Sport;
			sourceTree = "<group>";
		};
		A143871B1EE1569A0050A5D1 /* AHCategoryVC */ = {
			isa = PBXGroup;
			children = (
				A143871C1EE156A50050A5D1 /* AHCategoryContentView.swift */,
				A143871D1EE156A50050A5D1 /* AHCategoryNavBar.swift */,
				A143871E1EE156A50050A5D1 /* AHCategoryNavBarStyle.swift */,
				A143871F1EE156A50050A5D1 /* AHCategoryProtocols.swift */,
				A14387211EE156A50050A5D1 /* AHCategoryView.swift */,
			);
			name = AHCategoryVC;
			sourceTree = "<group>";
		};
		A179F9AC1ED2811400B42540 /* Activity */ = {
			isa = PBXGroup;
			children = (
				A179F9B61ED28B4D00B42540 /* BKActivity.storyboard */,
				A19893971EE1FE1700DDF240 /* VCs */,
				A1026A2E1EE281A900FA7366 /* Sport */,
				A19893A41EE2570200DDF240 /* Cell */,
				A198939B1EE2020500DDF240 /* AddKid */,
				A143871B1EE1569A0050A5D1 /* AHCategoryVC */,
			);
			name = Activity;
			sourceTree = "<group>";
		};
		A17A7B2B1ECFCA5800D77D27 /* Networking */ = {
			isa = PBXGroup;
			children = (
				A17A7B2C1ECFCAB100D77D27 /* BKNetworkTool.swift */,
			);
			name = Networking;
			sourceTree = "<group>";
		};
		A185AE5B1ED611A7002FDF89 /* OnBoarding */ = {
			isa = PBXGroup;
			children = (
				A19893981EE1FE3600DDF240 /* Main */,
				A1E9D4781EE0D6E400250A94 /* PlaceAutocomplete */,
			);
			name = OnBoarding;
			sourceTree = "<group>";
		};
		A19893971EE1FE1700DDF240 /* VCs */ = {
			isa = PBXGroup;
			children = (
				A179F9B41ED28A4500B42540 /* BKActivityVC.swift */,
				A1B52EDA1EEC86C6000EB1CE /* BKConnectionVC.swift */,
			);
			name = VCs;
			sourceTree = "<group>";
		};
		A19893981EE1FE3600DDF240 /* Main */ = {
			isa = PBXGroup;
			children = (
				A11DCF7E1ED62B54005E6FCE /* BKCitySearch.storyboard */,
				A1E9D4811EE0F2A400250A94 /* BKTestVC.swift */,
				A14387191EE147C30050A5D1 /* BKPlaceSearchNavVC.swift */,
			);
			name = Main;
			sourceTree = "<group>";
		};
		A198939B1EE2020500DDF240 /* AddKid */ = {
			isa = PBXGroup;
			children = (
				A19893991EE2012F00DDF240 /* BKAddKidVC.swift */,
				A198939C1EE2025900DDF240 /* BKPhotoHeaderVC.swift */,
				A198939E1EE2027E00DDF240 /* BKPhotoHeaderView.swift */,
				A19893A01EE2028A00DDF240 /* BKPhotoHeaderView.xib */,
				A19893A21EE2154A00DDF240 /* BKKidModel.swift */,
				A1F544101EE3D84B00D331B8 /* BKAddKidNavVC.swift */,
			);
			name = AddKid;
			sourceTree = "<group>";
		};
		A19893A41EE2570200DDF240 /* Cell */ = {
			isa = PBXGroup;
			children = (
				A19893A51EE2572E00DDF240 /* BKSimpleCell.swift */,
				A19893A71EE2607E00DDF240 /* BKGenderCell.swift */,
				A1026A081EE26D1400FA7366 /* BKSchoolSearchCell.swift */,
				A1026A2A1EE27B0200FA7366 /* BKSportCell.swift */,
			);
			name = Cell;
			sourceTree = "<group>";
		};
		A1CFEFA71ECD5BAF003DBA74 /* Auth */ = {
			isa = PBXGroup;
			children = (
				A1CFEFAA1ECD5D2C003DBA74 /* BKLoginVC.swift */,
				A12561551ECE6EF500C46FD1 /* BKForgotPasswordVC.swift */,
				A12561571ECE6F2800C46FD1 /* BKEmailSignupVC.swift */,
				A1CFEFA81ECD5BCA003DBA74 /* BKAuth.storyboard */,
				A17A7B2E1ECFD05900D77D27 /* BKAuthTool.swift */,
			);
			name = Auth;
			sourceTree = "<group>";
		};
		A1CFEFAC1ECD5DE3003DBA74 /* Other */ = {
			isa = PBXGroup;
			children = (
				A1CFEFAD1ECD5DFB003DBA74 /* Constants.swift */,
				A1CFEFAF1ECD5E02003DBA74 /* Headers.swift */,
				A10645F11EE3B5BE0054267C /* BKKidCell.swift */,
				A10645F21EE3B5BE0054267C /* BKKidCell.xib */,
			);
			name = Other;
			sourceTree = "<group>";
		};
		A1CFEFB11ECD5FE0003DBA74 /* Base + Extensions */ = {
			isa = PBXGroup;
			children = (
				A1026A2C1EE27CCC00FA7366 /* AHStackButton.swift */,
				A1E9D4831EE0F45800250A94 /* UIColor+Extension.swift */,
				A1CFEFB21ECD6011003DBA74 /* BKNavigationVC.swift */,
				A1FC8FAC1ECFF0710002F234 /* String+Extension.swift */,
			);
			name = "Base + Extensions";
			sourceTree = "<group>";
		};
		A1E9D4781EE0D6E400250A94 /* PlaceAutocomplete */ = {
			isa = PBXGroup;
			children = (
				A185AE5C1ED611E2002FDF89 /* BKPlaceAutocompleteVC.swift */,
				A1E9D4761EE0D38100250A94 /* AHNibLoadable.swift */,
				A1E9D4721EE0D36600250A94 /* BKPlaceResultCell.swift */,
				A1E9D4731EE0D36600250A94 /* BKPlaceResultCell.xib */,
				A1E9D47D1EE0E16E00250A94 /* BKPlaceModel.swift */,
				A1E9D47F1EE0EF8200250A94 /* BKPlaceResultsController.swift */,
			);
			name = PlaceAutocomplete;
			sourceTree = "<group>";
		};
		A1FA1B3D1EE3A0910025143E /* Connect */ = {
			isa = PBXGroup;
			children = (
				72D24A5E1F018E48002ACD79 /* Cell */,
				72D24A571F018C73002ACD79 /* VCs */,
				A1FA1B3F1EE3A0C10025143E /* BKConnect.storyboard */,
			);
			name = Connect;
			sourceTree = "<group>";
		};
		A1FA1B3E1EE3A0A20025143E /* Profile */ = {
			isa = PBXGroup;
			children = (
				A1FA1B421EE3A12D0025143E /* BKProfile.storyboard */,
				A10645ED1EE3B0390054267C /* BKProfileVC.swift */,
				A10645EF1EE3B20E0054267C /* BKYourKidsVC.swift */,
			);
			name = Profile;
			sourceTree = "<group>";
		};
		A1FC92331ECD4F960099E68D = {
			isa = PBXGroup;
			children = (
				A1FC923E1ECD4F960099E68D /* BloomKids */,
				A1FC923D1ECD4F960099E68D /* Products */,
				B4485393261FA80D2D9D08FB /* Pods */,
				7E66A35C3CC25A8A22BD4A17 /* Frameworks */,
			);
			sourceTree = "<group>";
		};
		A1FC923D1ECD4F960099E68D /* Products */ = {
			isa = PBXGroup;
			children = (
				A1FC923C1ECD4F960099E68D /* BloomKids.app */,
			);
			name = Products;
			sourceTree = "<group>";
		};
		A1FC923E1ECD4F960099E68D /* BloomKids */ = {
			isa = PBXGroup;
			children = (
				A185AE5B1ED611A7002FDF89 /* OnBoarding */,
				A179F9AC1ED2811400B42540 /* Activity */,
				A1FA1B3D1EE3A0910025143E /* Connect */,
				A1FA1B3E1EE3A0A20025143E /* Profile */,
				A17A7B2B1ECFCA5800D77D27 /* Networking */,
				A1CFEFA71ECD5BAF003DBA74 /* Auth */,
				A1CFEFB11ECD5FE0003DBA74 /* Base + Extensions */,
				A1CFEFAC1ECD5DE3003DBA74 /* Other */,
				A1FC923F1ECD4F960099E68D /* AppDelegate.swift */,
				A1FC92431ECD4F960099E68D /* Main.storyboard */,
				A1FC92461ECD4F960099E68D /* Assets.xcassets */,
				A1FC92481ECD4F960099E68D /* LaunchScreen.storyboard */,
				A1FC924B1ECD4F960099E68D /* Info.plist */,
			);
			path = BloomKids;
			sourceTree = "<group>";
		};
		B4485393261FA80D2D9D08FB /* Pods */ = {
			isa = PBXGroup;
			children = (
				D667F1DBE01ADDEBC41D28AC /* Pods-BloomKids.debug.xcconfig */,
				25AE1343266B3A700D0D3E98 /* Pods-BloomKids.release.xcconfig */,
			);
			name = Pods;
			sourceTree = "<group>";
		};
/* End PBXGroup section */

/* Begin PBXNativeTarget section */
		A1FC923B1ECD4F960099E68D /* BloomKids */ = {
			isa = PBXNativeTarget;
			buildConfigurationList = A1FC924E1ECD4F960099E68D /* Build configuration list for PBXNativeTarget "BloomKids" */;
			buildPhases = (
				4B99A342BE4B6C230AACD762 /* [CP] Check Pods Manifest.lock */,
				A1FC92381ECD4F960099E68D /* Sources */,
				A1FC92391ECD4F960099E68D /* Frameworks */,
				A1FC923A1ECD4F960099E68D /* Resources */,
				266C7D5945C0C426F48A4ECF /* [CP] Embed Pods Frameworks */,
				F084B037B25A4A602351BF25 /* [CP] Copy Pods Resources */,
			);
			buildRules = (
			);
			dependencies = (
			);
			name = BloomKids;
			productName = BloomKids;
			productReference = A1FC923C1ECD4F960099E68D /* BloomKids.app */;
			productType = "com.apple.product-type.application";
		};
/* End PBXNativeTarget section */

/* Begin PBXProject section */
		A1FC92341ECD4F960099E68D /* Project object */ = {
			isa = PBXProject;
			attributes = {
				CLASSPREFIX = BK;
				LastSwiftUpdateCheck = 0830;
				LastUpgradeCheck = 0830;
				ORGANIZATIONNAME = "Bloom Technology Inc.";
				TargetAttributes = {
					A1FC923B1ECD4F960099E68D = {
						CreatedOnToolsVersion = 8.3.2;
						DevelopmentTeam = STBAPMKP3B;
						ProvisioningStyle = Automatic;
					};
				};
			};
			buildConfigurationList = A1FC92371ECD4F960099E68D /* Build configuration list for PBXProject "BloomKids" */;
			compatibilityVersion = "Xcode 3.2";
			developmentRegion = English;
			hasScannedForEncodings = 0;
			knownRegions = (
				en,
				Base,
			);
			mainGroup = A1FC92331ECD4F960099E68D;
			productRefGroup = A1FC923D1ECD4F960099E68D /* Products */;
			projectDirPath = "";
			projectRoot = "";
			targets = (
				A1FC923B1ECD4F960099E68D /* BloomKids */,
			);
		};
/* End PBXProject section */

/* Begin PBXResourcesBuildPhase section */
		A1FC923A1ECD4F960099E68D /* Resources */ = {
			isa = PBXResourcesBuildPhase;
			buildActionMask = 2147483647;
			files = (
				A11DCF7F1ED62B54005E6FCE /* BKCitySearch.storyboard in Resources */,
				A19893A11EE2028A00DDF240 /* BKPhotoHeaderView.xib in Resources */,
				A1FC924A1ECD4F960099E68D /* LaunchScreen.storyboard in Resources */,
				A1FA1B411EE3A0C10025143E /* BKConnect.storyboard in Resources */,
				A1E9D4751EE0D36600250A94 /* BKPlaceResultCell.xib in Resources */,
				A1FC92471ECD4F960099E68D /* Assets.xcassets in Resources */,
				A179F9B81ED28B4D00B42540 /* BKActivity.storyboard in Resources */,
				A10645F41EE3B5BE0054267C /* BKKidCell.xib in Resources */,
				A1FC92451ECD4F960099E68D /* Main.storyboard in Resources */,
				A1CFEFA91ECD5BCA003DBA74 /* BKAuth.storyboard in Resources */,
				A1FA1B431EE3A12D0025143E /* BKProfile.storyboard in Resources */,
			);
			runOnlyForDeploymentPostprocessing = 0;
		};
/* End PBXResourcesBuildPhase section */

/* Begin PBXShellScriptBuildPhase section */
		266C7D5945C0C426F48A4ECF /* [CP] Embed Pods Frameworks */ = {
			isa = PBXShellScriptBuildPhase;
			buildActionMask = 2147483647;
			files = (
			);
			inputPaths = (
			);
			name = "[CP] Embed Pods Frameworks";
			outputPaths = (
			);
			runOnlyForDeploymentPostprocessing = 0;
			shellPath = /bin/sh;
			shellScript = "\"${SRCROOT}/Pods/Target Support Files/Pods-BloomKids/Pods-BloomKids-frameworks.sh\"\n";
			showEnvVarsInLog = 0;
		};
		4B99A342BE4B6C230AACD762 /* [CP] Check Pods Manifest.lock */ = {
			isa = PBXShellScriptBuildPhase;
			buildActionMask = 2147483647;
			files = (
			);
			inputPaths = (
			);
			name = "[CP] Check Pods Manifest.lock";
			outputPaths = (
			);
			runOnlyForDeploymentPostprocessing = 0;
			shellPath = /bin/sh;
			shellScript = "diff \"${PODS_PODFILE_DIR_PATH}/Podfile.lock\" \"${PODS_ROOT}/Manifest.lock\" > /dev/null\nif [ $? != 0 ] ; then\n    # print error to STDERR\n    echo \"error: The sandbox is not in sync with the Podfile.lock. Run 'pod install' or update your CocoaPods installation.\" >&2\n    exit 1\nfi\n";
			showEnvVarsInLog = 0;
		};
		F084B037B25A4A602351BF25 /* [CP] Copy Pods Resources */ = {
			isa = PBXShellScriptBuildPhase;
			buildActionMask = 2147483647;
			files = (
			);
			inputPaths = (
			);
			name = "[CP] Copy Pods Resources";
			outputPaths = (
			);
			runOnlyForDeploymentPostprocessing = 0;
			shellPath = /bin/sh;
			shellScript = "\"${SRCROOT}/Pods/Target Support Files/Pods-BloomKids/Pods-BloomKids-resources.sh\"\n";
			showEnvVarsInLog = 0;
		};
/* End PBXShellScriptBuildPhase section */

/* Begin PBXSourcesBuildPhase section */
		A1FC92381ECD4F960099E68D /* Sources */ = {
			isa = PBXSourcesBuildPhase;
			buildActionMask = 2147483647;
			files = (
				A1E9D4741EE0D36600250A94 /* BKPlaceResultCell.swift in Sources */,
				A14387231EE156A50050A5D1 /* AHCategoryNavBar.swift in Sources */,
				A1E9D4841EE0F45800250A94 /* UIColor+Extension.swift in Sources */,
				A1CFEFB31ECD6011003DBA74 /* BKNavigationVC.swift in Sources */,
				A14387251EE156A50050A5D1 /* AHCategoryProtocols.swift in Sources */,
				A17A7B2F1ECFD05900D77D27 /* BKAuthTool.swift in Sources */,
				A1CFEFB01ECD5E02003DBA74 /* Headers.swift in Sources */,
				A198939D1EE2025900DDF240 /* BKPhotoHeaderVC.swift in Sources */,
				A1026A2D1EE27CCC00FA7366 /* AHStackButton.swift in Sources */,
				72FF82311F05C3B000A460CB /* BKConnectPlayerCell.swift in Sources */,
				72F55CE81F000EA400249296 /* BKConnectVC.swift in Sources */,
				A198939A1EE2012F00DDF240 /* BKAddKidVC.swift in Sources */,
				A1E9D4771EE0D38100250A94 /* AHNibLoadable.swift in Sources */,
				A143871A1EE147C30050A5D1 /* BKPlaceSearchNavVC.swift in Sources */,
				A1E9D4801EE0EF8200250A94 /* BKPlaceResultsController.swift in Sources */,
				72D24A5B1F018CE6002ACD79 /* BKConnectSectionHeaderVC.swift in Sources */,
				A1E9D47E1EE0E16E00250A94 /* BKPlaceModel.swift in Sources */,
				A1CFEFAB1ECD5D2C003DBA74 /* BKLoginVC.swift in Sources */,
				A14387271EE156A50050A5D1 /* AHCategoryView.swift in Sources */,
				A17A7B2D1ECFCAB100D77D27 /* BKNetworkTool.swift in Sources */,
				A1B52EDB1EEC86C6000EB1CE /* BKConnectionVC.swift in Sources */,
				A12561561ECE6EF500C46FD1 /* BKForgotPasswordVC.swift in Sources */,
				A1026A2B1EE27B0200FA7366 /* BKSportCell.swift in Sources */,
				A19893A31EE2154A00DDF240 /* BKKidModel.swift in Sources */,
				A12561581ECE6F2800C46FD1 /* BKEmailSignupVC.swift in Sources */,
				A10645F31EE3B5BE0054267C /* BKKidCell.swift in Sources */,
				A179F9B51ED28A4500B42540 /* BKActivityVC.swift in Sources */,
				A1FC92401ECD4F960099E68D /* AppDelegate.swift in Sources */,
				A10645F01EE3B20E0054267C /* BKYourKidsVC.swift in Sources */,
				A10645EE1EE3B0390054267C /* BKProfileVC.swift in Sources */,
				72D24A591F018CB5002ACD79 /* BKConnectPlayerCellVC.swift in Sources */,
				A19893A81EE2607E00DDF240 /* BKGenderCell.swift in Sources */,
				A14387221EE156A50050A5D1 /* AHCategoryContentView.swift in Sources */,
				A1026A301EE281C900FA7366 /* BKSportLevelVC.swift in Sources */,
				A198939F1EE2027E00DDF240 /* BKPhotoHeaderView.swift in Sources */,
				A185AE5D1ED611E2002FDF89 /* BKPlaceAutocompleteVC.swift in Sources */,
				A14387241EE156A50050A5D1 /* AHCategoryNavBarStyle.swift in Sources */,
				A1FC8FAD1ECFF0710002F234 /* String+Extension.swift in Sources */,
				A1F544111EE3D84B00D331B8 /* BKAddKidNavVC.swift in Sources */,
				72D24A621F018EE8002ACD79 /* BKConnectSummaryHeaderCell.swift in Sources */,
				72D24A5D1F018D26002ACD79 /* BKConnectSummaryHeaderVC.swift in Sources */,
				A1CFEFAE1ECD5DFB003DBA74 /* Constants.swift in Sources */,
				72D24A641F01B9E7002ACD79 /* BKConnectSectionHeaderCell.swift in Sources */,
				A1E9D4821EE0F2A400250A94 /* BKTestVC.swift in Sources */,
				A19893A61EE2572E00DDF240 /* BKSimpleCell.swift in Sources */,
				A1026A091EE26D1400FA7366 /* BKSchoolSearchCell.swift in Sources */,
				A1026A321EE286AC00FA7366 /* BKSportLevelCell.swift in Sources */,
			);
			runOnlyForDeploymentPostprocessing = 0;
		};
/* End PBXSourcesBuildPhase section */

/* Begin PBXVariantGroup section */
		A179F9B61ED28B4D00B42540 /* BKActivity.storyboard */ = {
			isa = PBXVariantGroup;
			children = (
				A179F9B71ED28B4D00B42540 /* Base */,
			);
			name = BKActivity.storyboard;
			sourceTree = "<group>";
		};
		A1FA1B3F1EE3A0C10025143E /* BKConnect.storyboard */ = {
			isa = PBXVariantGroup;
			children = (
				A1FA1B401EE3A0C10025143E /* Base */,
			);
			name = BKConnect.storyboard;
			sourceTree = "<group>";
		};
		A1FC92431ECD4F960099E68D /* Main.storyboard */ = {
			isa = PBXVariantGroup;
			children = (
				A1FC92441ECD4F960099E68D /* Base */,
			);
			name = Main.storyboard;
			sourceTree = "<group>";
		};
		A1FC92481ECD4F960099E68D /* LaunchScreen.storyboard */ = {
			isa = PBXVariantGroup;
			children = (
				A1FC92491ECD4F960099E68D /* Base */,
			);
			name = LaunchScreen.storyboard;
			sourceTree = "<group>";
		};
/* End PBXVariantGroup section */

/* Begin XCBuildConfiguration section */
		A1FC924C1ECD4F960099E68D /* Debug */ = {
			isa = XCBuildConfiguration;
			buildSettings = {
				ALWAYS_SEARCH_USER_PATHS = NO;
				CLANG_ANALYZER_NONNULL = YES;
				CLANG_ANALYZER_NUMBER_OBJECT_CONVERSION = YES_AGGRESSIVE;
				CLANG_CXX_LANGUAGE_STANDARD = "gnu++0x";
				CLANG_CXX_LIBRARY = "libc++";
				CLANG_ENABLE_MODULES = YES;
				CLANG_ENABLE_OBJC_ARC = YES;
				CLANG_WARN_BOOL_CONVERSION = YES;
				CLANG_WARN_CONSTANT_CONVERSION = YES;
				CLANG_WARN_DIRECT_OBJC_ISA_USAGE = YES_ERROR;
				CLANG_WARN_DOCUMENTATION_COMMENTS = YES;
				CLANG_WARN_EMPTY_BODY = YES;
				CLANG_WARN_ENUM_CONVERSION = YES;
				CLANG_WARN_INFINITE_RECURSION = YES;
				CLANG_WARN_INT_CONVERSION = YES;
				CLANG_WARN_OBJC_ROOT_CLASS = YES_ERROR;
				CLANG_WARN_SUSPICIOUS_MOVE = YES;
				CLANG_WARN_UNREACHABLE_CODE = YES;
				CLANG_WARN__DUPLICATE_METHOD_MATCH = YES;
				"CODE_SIGN_IDENTITY[sdk=iphoneos*]" = "iPhone Developer";
				COPY_PHASE_STRIP = NO;
				DEBUG_INFORMATION_FORMAT = dwarf;
				ENABLE_STRICT_OBJC_MSGSEND = YES;
				ENABLE_TESTABILITY = YES;
				GCC_C_LANGUAGE_STANDARD = gnu99;
				GCC_DYNAMIC_NO_PIC = NO;
				GCC_NO_COMMON_BLOCKS = YES;
				GCC_OPTIMIZATION_LEVEL = 0;
				GCC_PREPROCESSOR_DEFINITIONS = (
					"DEBUG=1",
					"$(inherited)",
				);
				GCC_WARN_64_TO_32_BIT_CONVERSION = YES;
				GCC_WARN_ABOUT_RETURN_TYPE = YES_ERROR;
				GCC_WARN_UNDECLARED_SELECTOR = YES;
				GCC_WARN_UNINITIALIZED_AUTOS = YES_AGGRESSIVE;
				GCC_WARN_UNUSED_FUNCTION = YES;
				GCC_WARN_UNUSED_VARIABLE = YES;
				IPHONEOS_DEPLOYMENT_TARGET = 10.3;
				MTL_ENABLE_DEBUG_INFO = YES;
				ONLY_ACTIVE_ARCH = YES;
				SDKROOT = iphoneos;
				SWIFT_ACTIVE_COMPILATION_CONDITIONS = DEBUG;
				SWIFT_OPTIMIZATION_LEVEL = "-Onone";
			};
			name = Debug;
		};
		A1FC924D1ECD4F960099E68D /* Release */ = {
			isa = XCBuildConfiguration;
			buildSettings = {
				ALWAYS_SEARCH_USER_PATHS = NO;
				CLANG_ANALYZER_NONNULL = YES;
				CLANG_ANALYZER_NUMBER_OBJECT_CONVERSION = YES_AGGRESSIVE;
				CLANG_CXX_LANGUAGE_STANDARD = "gnu++0x";
				CLANG_CXX_LIBRARY = "libc++";
				CLANG_ENABLE_MODULES = YES;
				CLANG_ENABLE_OBJC_ARC = YES;
				CLANG_WARN_BOOL_CONVERSION = YES;
				CLANG_WARN_CONSTANT_CONVERSION = YES;
				CLANG_WARN_DIRECT_OBJC_ISA_USAGE = YES_ERROR;
				CLANG_WARN_DOCUMENTATION_COMMENTS = YES;
				CLANG_WARN_EMPTY_BODY = YES;
				CLANG_WARN_ENUM_CONVERSION = YES;
				CLANG_WARN_INFINITE_RECURSION = YES;
				CLANG_WARN_INT_CONVERSION = YES;
				CLANG_WARN_OBJC_ROOT_CLASS = YES_ERROR;
				CLANG_WARN_SUSPICIOUS_MOVE = YES;
				CLANG_WARN_UNREACHABLE_CODE = YES;
				CLANG_WARN__DUPLICATE_METHOD_MATCH = YES;
				"CODE_SIGN_IDENTITY[sdk=iphoneos*]" = "iPhone Developer";
				COPY_PHASE_STRIP = NO;
				DEBUG_INFORMATION_FORMAT = "dwarf-with-dsym";
				ENABLE_NS_ASSERTIONS = NO;
				ENABLE_STRICT_OBJC_MSGSEND = YES;
				GCC_C_LANGUAGE_STANDARD = gnu99;
				GCC_NO_COMMON_BLOCKS = YES;
				GCC_WARN_64_TO_32_BIT_CONVERSION = YES;
				GCC_WARN_ABOUT_RETURN_TYPE = YES_ERROR;
				GCC_WARN_UNDECLARED_SELECTOR = YES;
				GCC_WARN_UNINITIALIZED_AUTOS = YES_AGGRESSIVE;
				GCC_WARN_UNUSED_FUNCTION = YES;
				GCC_WARN_UNUSED_VARIABLE = YES;
				IPHONEOS_DEPLOYMENT_TARGET = 10.3;
				MTL_ENABLE_DEBUG_INFO = NO;
				SDKROOT = iphoneos;
				SWIFT_OPTIMIZATION_LEVEL = "-Owholemodule";
				VALIDATE_PRODUCT = YES;
			};
			name = Release;
		};
		A1FC924F1ECD4F960099E68D /* Debug */ = {
			isa = XCBuildConfiguration;
			baseConfigurationReference = D667F1DBE01ADDEBC41D28AC /* Pods-BloomKids.debug.xcconfig */;
			buildSettings = {
				ASSETCATALOG_COMPILER_APPICON_NAME = AppIcon;
				DEVELOPMENT_TEAM = STBAPMKP3B;
				INFOPLIST_FILE = BloomKids/Info.plist;
				IPHONEOS_DEPLOYMENT_TARGET = 10.3;
				LD_RUNPATH_SEARCH_PATHS = "$(inherited) @executable_path/Frameworks";
				PRODUCT_BUNDLE_IDENTIFIER = com.strikingly.bloomkids.ios.BloomKids;
				PRODUCT_NAME = "$(TARGET_NAME)";
				SWIFT_VERSION = 3.0;
			};
			name = Debug;
		};
		A1FC92501ECD4F960099E68D /* Release */ = {
			isa = XCBuildConfiguration;
			baseConfigurationReference = 25AE1343266B3A700D0D3E98 /* Pods-BloomKids.release.xcconfig */;
			buildSettings = {
				ASSETCATALOG_COMPILER_APPICON_NAME = AppIcon;
				DEVELOPMENT_TEAM = STBAPMKP3B;
				INFOPLIST_FILE = BloomKids/Info.plist;
				IPHONEOS_DEPLOYMENT_TARGET = 10.3;
				LD_RUNPATH_SEARCH_PATHS = "$(inherited) @executable_path/Frameworks";
				PRODUCT_BUNDLE_IDENTIFIER = com.strikingly.bloomkids.ios.BloomKids;
				PRODUCT_NAME = "$(TARGET_NAME)";
				SWIFT_VERSION = 3.0;
			};
			name = Release;
		};
/* End XCBuildConfiguration section */

/* Begin XCConfigurationList section */
		A1FC92371ECD4F960099E68D /* Build configuration list for PBXProject "BloomKids" */ = {
			isa = XCConfigurationList;
			buildConfigurations = (
				A1FC924C1ECD4F960099E68D /* Debug */,
				A1FC924D1ECD4F960099E68D /* Release */,
			);
			defaultConfigurationIsVisible = 0;
			defaultConfigurationName = Release;
		};
		A1FC924E1ECD4F960099E68D /* Build configuration list for PBXNativeTarget "BloomKids" */ = {
			isa = XCConfigurationList;
			buildConfigurations = (
				A1FC924F1ECD4F960099E68D /* Debug */,
				A1FC92501ECD4F960099E68D /* Release */,
			);
			defaultConfigurationIsVisible = 0;
			defaultConfigurationName = Release;
		};
/* End XCConfigurationList section */
	};
	rootObject = A1FC92341ECD4F960099E68D /* Project object */;
}
